// !$*UTF8*$!
{
	archiveVersion = 1;
	classes = {
	};
	objectVersion = 56;
	objects = {

/* Begin PBXBuildFile section */
		9A04B7642AD53E9300E433EE /* Memorize_DemoApp.swift in Sources */ = {isa = PBXBuildFile; fileRef = 9A04B7632AD53E9300E433EE /* Memorize_DemoApp.swift */; };
		9A04B7662AD53E9300E433EE /* ContentView.swift in Sources */ = {isa = PBXBuildFile; fileRef = 9A04B7652AD53E9300E433EE /* ContentView.swift */; };
		9A04B7682AD53E9500E433EE /* Assets.xcassets in Resources */ = {isa = PBXBuildFile; fileRef = 9A04B7672AD53E9500E433EE /* Assets.xcassets */; };
		9A04B76B2AD53E9500E433EE /* Preview Assets.xcassets in Resources */ = {isa = PBXBuildFile; fileRef = 9A04B76A2AD53E9500E433EE /* Preview Assets.xcassets */; };
		9A04B7752AD53E9500E433EE /* Memorize_DemoTests.swift in Sources */ = {isa = PBXBuildFile; fileRef = 9A04B7742AD53E9500E433EE /* Memorize_DemoTests.swift */; };
		9A04B77F2AD53E9500E433EE /* Memorize_DemoUITests.swift in Sources */ = {isa = PBXBuildFile; fileRef = 9A04B77E2AD53E9500E433EE /* Memorize_DemoUITests.swift */; };
		9A04B7812AD53E9500E433EE /* Memorize_DemoUITestsLaunchTests.swift in Sources */ = {isa = PBXBuildFile; fileRef = 9A04B7802AD53E9500E433EE /* Memorize_DemoUITestsLaunchTests.swift */; };
/* End PBXBuildFile section */

/* Begin PBXContainerItemProxy section */
		9A04B7712AD53E9500E433EE /* PBXContainerItemProxy */ = {
			isa = PBXContainerItemProxy;
			containerPortal = 9A04B7582AD53E9300E433EE /* Project object */;
			proxyType = 1;
			remoteGlobalIDString = 9A04B75F2AD53E9300E433EE;
			remoteInfo = "Memorize Demo";
		};
		9A04B77B2AD53E9500E433EE /* PBXContainerItemProxy */ = {
			isa = PBXContainerItemProxy;
			containerPortal = 9A04B7582AD53E9300E433EE /* Project object */;
			proxyType = 1;
			remoteGlobalIDString = 9A04B75F2AD53E9300E433EE;
			remoteInfo = "Memorize Demo";
		};
/* End PBXContainerItemProxy section */

/* Begin PBXFileReference section */
		9A04B7602AD53E9300E433EE /* Memorize Demo.app */ = {isa = PBXFileReference; explicitFileType = wrapper.application; includeInIndex = 0; path = "Memorize Demo.app"; sourceTree = BUILT_PRODUCTS_DIR; };
		9A04B7632AD53E9300E433EE /* Memorize_DemoApp.swift */ = {isa = PBXFileReference; lastKnownFileType = sourcecode.swift; path = Memorize_DemoApp.swift; sourceTree = "<group>"; };
		9A04B7652AD53E9300E433EE /* ContentView.swift */ = {isa = PBXFileReference; lastKnownFileType = sourcecode.swift; path = ContentView.swift; sourceTree = "<group>"; };
		9A04B7672AD53E9500E433EE /* Assets.xcassets */ = {isa = PBXFileReference; lastKnownFileType = folder.assetcatalog; path = Assets.xcassets; sourceTree = "<group>"; };
		9A04B76A2AD53E9500E433EE /* Preview Assets.xcassets */ = {isa = PBXFileReference; lastKnownFileType = folder.assetcatalog; path = "Preview Assets.xcassets"; sourceTree = "<group>"; };
		9A04B7702AD53E9500E433EE /* Memorize DemoTests.xctest */ = {isa = PBXFileReference; explicitFileType = wrapper.cfbundle; includeInIndex = 0; path = "Memorize DemoTests.xctest"; sourceTree = BUILT_PRODUCTS_DIR; };
		9A04B7742AD53E9500E433EE /* Memorize_DemoTests.swift */ = {isa = PBXFileReference; lastKnownFileType = sourcecode.swift; path = Memorize_DemoTests.swift; sourceTree = "<group>"; };
		9A04B77A2AD53E9500E433EE /* Memorize DemoUITests.xctest */ = {isa = PBXFileReference; explicitFileType = wrapper.cfbundle; includeInIndex = 0; path = "Memorize DemoUITests.xctest"; sourceTree = BUILT_PRODUCTS_DIR; };
		9A04B77E2AD53E9500E433EE /* Memorize_DemoUITests.swift */ = {isa = PBXFileReference; lastKnownFileType = sourcecode.swift; path = Memorize_DemoUITests.swift; sourceTree = "<group>"; };
		9A04B7802AD53E9500E433EE /* Memorize_DemoUITestsLaunchTests.swift */ = {isa = PBXFileReference; lastKnownFileType = sourcecode.swift; path = Memorize_DemoUITestsLaunchTests.swift; sourceTree = "<group>"; };
/* End PBXFileReference section */

/* Begin PBXFrameworksBuildPhase section */
		9A04B75D2AD53E9300E433EE /* Frameworks */ = {
			isa = PBXFrameworksBuildPhase;
			buildActionMask = 2147483647;
			files = (
			);
			runOnlyForDeploymentPostprocessing = 0;
		};
		9A04B76D2AD53E9500E433EE /* Frameworks */ = {
			isa = PBXFrameworksBuildPhase;
			buildActionMask = 2147483647;
			files = (
			);
			runOnlyForDeploymentPostprocessing = 0;
		};
		9A04B7772AD53E9500E433EE /* Frameworks */ = {
			isa = PBXFrameworksBuildPhase;
			buildActionMask = 2147483647;
			files = (
			);
			runOnlyForDeploymentPostprocessing = 0;
		};
/* End PBXFrameworksBuildPhase section */

/* Begin PBXGroup section */
		9A04B7572AD53E9300E433EE = {
			isa = PBXGroup;
			children = (
				9A04B7622AD53E9300E433EE /* Memorize Demo */,
				9A04B7732AD53E9500E433EE /* Memorize DemoTests */,
				9A04B77D2AD53E9500E433EE /* Memorize DemoUITests */,
				9A04B7612AD53E9300E433EE /* Products */,
			);
			sourceTree = "<group>";
		};
		9A04B7612AD53E9300E433EE /* Products */ = {
			isa = PBXGroup;
			children = (
				9A04B7602AD53E9300E433EE /* Memorize Demo.app */,
				9A04B7702AD53E9500E433EE /* Memorize DemoTests.xctest */,
				9A04B77A2AD53E9500E433EE /* Memorize DemoUITests.xctest */,
			);
			name = Products;
			sourceTree = "<group>";
		};
		9A04B7622AD53E9300E433EE /* Memorize Demo */ = {
			isa = PBXGroup;
			children = (
				9A04B7632AD53E9300E433EE /* Memorize_DemoApp.swift */,
				9A04B7652AD53E9300E433EE /* ContentView.swift */,
				9A04B7672AD53E9500E433EE /* Assets.xcassets */,
				9A04B7692AD53E9500E433EE /* Preview Content */,
			);
			path = "Memorize Demo";
			sourceTree = "<group>";
		};
		9A04B7692AD53E9500E433EE /* Preview Content */ = {
			isa = PBXGroup;
			children = (
				9A04B76A2AD53E9500E433EE /* Preview Assets.xcassets */,
			);
			path = "Preview Content";
			sourceTree = "<group>";
		};
		9A04B7732AD53E9500E433EE /* Memorize DemoTests */ = {
			isa = PBXGroup;
			children = (
				9A04B7742AD53E9500E433EE /* Memorize_DemoTests.swift */,
			);
			path = "Memorize DemoTests";
			sourceTree = "<group>";
		};
		9A04B77D2AD53E9500E433EE /* Memorize DemoUITests */ = {
			isa = PBXGroup;
			children = (
				9A04B77E2AD53E9500E433EE /* Memorize_DemoUITests.swift */,
				9A04B7802AD53E9500E433EE /* Memorize_DemoUITestsLaunchTests.swift */,
			);
			path = "Memorize DemoUITests";
			sourceTree = "<group>";
		};
/* End PBXGroup section */

/* Begin PBXNativeTarget section */
		9A04B75F2AD53E9300E433EE /* Memorize Demo */ = {
			isa = PBXNativeTarget;
			buildConfigurationList = 9A04B7842AD53E9500E433EE /* Build configuration list for PBXNativeTarget "Memorize Demo" */;
			buildPhases = (
				9A04B75C2AD53E9300E433EE /* Sources */,
				9A04B75D2AD53E9300E433EE /* Frameworks */,
				9A04B75E2AD53E9300E433EE /* Resources */,
			);
			buildRules = (
			);
			dependencies = (
			);
			name = "Memorize Demo";
			productName = "Memorize Demo";
			productReference = 9A04B7602AD53E9300E433EE /* Memorize Demo.app */;
			productType = "com.apple.product-type.application";
		};
		9A04B76F2AD53E9500E433EE /* Memorize DemoTests */ = {
			isa = PBXNativeTarget;
			buildConfigurationList = 9A04B7872AD53E9500E433EE /* Build configuration list for PBXNativeTarget "Memorize DemoTests" */;
			buildPhases = (
				9A04B76C2AD53E9500E433EE /* Sources */,
				9A04B76D2AD53E9500E433EE /* Frameworks */,
				9A04B76E2AD53E9500E433EE /* Resources */,
			);
			buildRules = (
			);
			dependencies = (
				9A04B7722AD53E9500E433EE /* PBXTargetDependency */,
			);
			name = "Memorize DemoTests";
			productName = "Memorize DemoTests";
			productReference = 9A04B7702AD53E9500E433EE /* Memorize DemoTests.xctest */;
			productType = "com.apple.product-type.bundle.unit-test";
		};
		9A04B7792AD53E9500E433EE /* Memorize DemoUITests */ = {
			isa = PBXNativeTarget;
			buildConfigurationList = 9A04B78A2AD53E9500E433EE /* Build configuration list for PBXNativeTarget "Memorize DemoUITests" */;
			buildPhases = (
				9A04B7762AD53E9500E433EE /* Sources */,
				9A04B7772AD53E9500E433EE /* Frameworks */,
				9A04B7782AD53E9500E433EE /* Resources */,
			);
			buildRules = (
			);
			dependencies = (
				9A04B77C2AD53E9500E433EE /* PBXTargetDependency */,
			);
			name = "Memorize DemoUITests";
			productName = "Memorize DemoUITests";
			productReference = 9A04B77A2AD53E9500E433EE /* Memorize DemoUITests.xctest */;
			productType = "com.apple.product-type.bundle.ui-testing";
		};
/* End PBXNativeTarget section */

/* Begin PBXProject section */
		9A04B7582AD53E9300E433EE /* Project object */ = {
			isa = PBXProject;
			attributes = {
				BuildIndependentTargetsInParallel = 1;
				LastSwiftUpdateCheck = 1430;
				LastUpgradeCheck = 1430;
				TargetAttributes = {
					9A04B75F2AD53E9300E433EE = {
						CreatedOnToolsVersion = 14.3.1;
					};
					9A04B76F2AD53E9500E433EE = {
						CreatedOnToolsVersion = 14.3.1;
						TestTargetID = 9A04B75F2AD53E9300E433EE;
					};
					9A04B7792AD53E9500E433EE = {
						CreatedOnToolsVersion = 14.3.1;
						TestTargetID = 9A04B75F2AD53E9300E433EE;
					};
				};
			};
			buildConfigurationList = 9A04B75B2AD53E9300E433EE /* Build configuration list for PBXProject "Memorize Demo" */;
			compatibilityVersion = "Xcode 14.0";
			developmentRegion = en;
			hasScannedForEncodings = 0;
			knownRegions = (
				en,
				Base,
			);
			mainGroup = 9A04B7572AD53E9300E433EE;
			productRefGroup = 9A04B7612AD53E9300E433EE /* Products */;
			projectDirPath = "";
			projectRoot = "";
			targets = (
				9A04B75F2AD53E9300E433EE /* Memorize Demo */,
				9A04B76F2AD53E9500E433EE /* Memorize DemoTests */,
				9A04B7792AD53E9500E433EE /* Memorize DemoUITests */,
			);
		};
/* End PBXProject section */

/* Begin PBXResourcesBuildPhase section */
		9A04B75E2AD53E9300E433EE /* Resources */ = {
			isa = PBXResourcesBuildPhase;
			buildActionMask = 2147483647;
			files = (
				9A04B76B2AD53E9500E433EE /* Preview Assets.xcassets in Resources */,
				9A04B7682AD53E9500E433EE /* Assets.xcassets in Resources */,
			);
			runOnlyForDeploymentPostprocessing = 0;
		};
		9A04B76E2AD53E9500E433EE /* Resources */ = {
			isa = PBXResourcesBuildPhase;
			buildActionMask = 2147483647;
			files = (
			);
			runOnlyForDeploymentPostprocessing = 0;
		};
		9A04B7782AD53E9500E433EE /* Resources */ = {
			isa = PBXResourcesBuildPhase;
			buildActionMask = 2147483647;
			files = (
			);
			runOnlyForDeploymentPostprocessing = 0;
		};
/* End PBXResourcesBuildPhase section */

/* Begin PBXSourcesBuildPhase section */
		9A04B75C2AD53E9300E433EE /* Sources */ = {
			isa = PBXSourcesBuildPhase;
			buildActionMask = 2147483647;
			files = (
				9A04B7662AD53E9300E433EE /* ContentView.swift in Sources */,
				9A04B7642AD53E9300E433EE /* Memorize_DemoApp.swift in Sources */,
			);
			runOnlyForDeploymentPostprocessing = 0;
		};
		9A04B76C2AD53E9500E433EE /* Sources */ = {
			isa = PBXSourcesBuildPhase;
			buildActionMask = 2147483647;
			files = (
				9A04B7752AD53E9500E433EE /* Memorize_DemoTests.swift in Sources */,
			);
			runOnlyForDeploymentPostprocessing = 0;
		};
		9A04B7762AD53E9500E433EE /* Sources */ = {
			isa = PBXSourcesBuildPhase;
			buildActionMask = 2147483647;
			files = (
				9A04B77F2AD53E9500E433EE /* Memorize_DemoUITests.swift in Sources */,
				9A04B7812AD53E9500E433EE /* Memorize_DemoUITestsLaunchTests.swift in Sources */,
			);
			runOnlyForDeploymentPostprocessing = 0;
		};
/* End PBXSourcesBuildPhase section */

/* Begin PBXTargetDependency section */
		9A04B7722AD53E9500E433EE /* PBXTargetDependency */ = {
			isa = PBXTargetDependency;
			target = 9A04B75F2AD53E9300E433EE /* Memorize Demo */;
			targetProxy = 9A04B7712AD53E9500E433EE /* PBXContainerItemProxy */;
		};
		9A04B77C2AD53E9500E433EE /* PBXTargetDependency */ = {
			isa = PBXTargetDependency;
			target = 9A04B75F2AD53E9300E433EE /* Memorize Demo */;
			targetProxy = 9A04B77B2AD53E9500E433EE /* PBXContainerItemProxy */;
		};
/* End PBXTargetDependency section */

/* Begin XCBuildConfiguration section */
		9A04B7822AD53E9500E433EE /* Debug */ = {
			isa = XCBuildConfiguration;
			buildSettings = {
				ALWAYS_SEARCH_USER_PATHS = NO;
				CLANG_ANALYZER_NONNULL = YES;
				CLANG_ANALYZER_NUMBER_OBJECT_CONVERSION = YES_AGGRESSIVE;
				CLANG_CXX_LANGUAGE_STANDARD = "gnu++20";
				CLANG_ENABLE_MODULES = YES;
				CLANG_ENABLE_OBJC_ARC = YES;
				CLANG_ENABLE_OBJC_WEAK = YES;
				CLANG_WARN_BLOCK_CAPTURE_AUTORELEASING = YES;
				CLANG_WARN_BOOL_CONVERSION = YES;
				CLANG_WARN_COMMA = YES;
				CLANG_WARN_CONSTANT_CONVERSION = YES;
				CLANG_WARN_DEPRECATED_OBJC_IMPLEMENTATIONS = YES;
				CLANG_WARN_DIRECT_OBJC_ISA_USAGE = YES_ERROR;
				CLANG_WARN_DOCUMENTATION_COMMENTS = YES;
				CLANG_WARN_EMPTY_BODY = YES;
				CLANG_WARN_ENUM_CONVERSION = YES;
				CLANG_WARN_INFINITE_RECURSION = YES;
				CLANG_WARN_INT_CONVERSION = YES;
				CLANG_WARN_NON_LITERAL_NULL_CONVERSION = YES;
				CLANG_WARN_OBJC_IMPLICIT_RETAIN_SELF = YES;
				CLANG_WARN_OBJC_LITERAL_CONVERSION = YES;
				CLANG_WARN_OBJC_ROOT_CLASS = YES_ERROR;
				CLANG_WARN_QUOTED_INCLUDE_IN_FRAMEWORK_HEADER = YES;
				CLANG_WARN_RANGE_LOOP_ANALYSIS = YES;
				CLANG_WARN_STRICT_PROTOTYPES = YES;
				CLANG_WARN_SUSPICIOUS_MOVE = YES;
				CLANG_WARN_UNGUARDED_AVAILABILITY = YES_AGGRESSIVE;
				CLANG_WARN_UNREACHABLE_CODE = YES;
				CLANG_WARN__DUPLICATE_METHOD_MATCH = YES;
				COPY_PHASE_STRIP = NO;
				DEBUG_INFORMATION_FORMAT = dwarf;
				ENABLE_STRICT_OBJC_MSGSEND = YES;
				ENABLE_TESTABILITY = YES;
				GCC_C_LANGUAGE_STANDARD = gnu11;
				GCC_DYNAMIC_NO_PIC = NO;
				GCC_NO_COMMON_BLOCKS = YES;
				GCC_OPTIMIZATION_LEVEL = 0;
				GCC_PREPROCESSOR_DEFINITIONS = (
					"DEBUG=1",
					"$(inherited)",
				);
				GCC_WARN_64_TO_32_BIT_CONVERSION = YES;
				GCC_WARN_ABOUT_RETURN_TYPE = YES_ERROR;
				GCC_WARN_UNDECLARED_SELECTOR = YES;
				GCC_WARN_UNINITIALIZED_AUTOS = YES_AGGRESSIVE;
				GCC_WARN_UNUSED_FUNCTION = YES;
				GCC_WARN_UNUSED_VARIABLE = YES;
				IPHONEOS_DEPLOYMENT_TARGET = 16.4;
				MTL_ENABLE_DEBUG_INFO = INCLUDE_SOURCE;
				MTL_FAST_MATH = YES;
				ONLY_ACTIVE_ARCH = YES;
				SDKROOT = iphoneos;
				SWIFT_ACTIVE_COMPILATION_CONDITIONS = DEBUG;
				SWIFT_OPTIMIZATION_LEVEL = "-Onone";
			};
			name = Debug;
		};
		9A04B7832AD53E9500E433EE /* Release */ = {
			isa = XCBuildConfiguration;
			buildSettings = {
				ALWAYS_SEARCH_USER_PATHS = NO;
				CLANG_ANALYZER_NONNULL = YES;
				CLANG_ANALYZER_NUMBER_OBJECT_CONVERSION = YES_AGGRESSIVE;
				CLANG_CXX_LANGUAGE_STANDARD = "gnu++20";
				CLANG_ENABLE_MODULES = YES;
				CLANG_ENABLE_OBJC_ARC = YES;
				CLANG_ENABLE_OBJC_WEAK = YES;
				CLANG_WARN_BLOCK_CAPTURE_AUTORELEASING = YES;
				CLANG_WARN_BOOL_CONVERSION = YES;
				CLANG_WARN_COMMA = YES;
				CLANG_WARN_CONSTANT_CONVERSION = YES;
				CLANG_WARN_DEPRECATED_OBJC_IMPLEMENTATIONS = YES;
				CLANG_WARN_DIRECT_OBJC_ISA_USAGE = YES_ERROR;
				CLANG_WARN_DOCUMENTATION_COMMENTS = YES;
				CLANG_WARN_EMPTY_BODY = YES;
				CLANG_WARN_ENUM_CONVERSION = YES;
				CLANG_WARN_INFINITE_RECURSION = YES;
				CLANG_WARN_INT_CONVERSION = YES;
				CLANG_WARN_NON_LITERAL_NULL_CONVERSION = YES;
				CLANG_WARN_OBJC_IMPLICIT_RETAIN_SELF = YES;
				CLANG_WARN_OBJC_LITERAL_CONVERSION = YES;
				CLANG_WARN_OBJC_ROOT_CLASS = YES_ERROR;
				CLANG_WARN_QUOTED_INCLUDE_IN_FRAMEWORK_HEADER = YES;
				CLANG_WARN_RANGE_LOOP_ANALYSIS = YES;
				CLANG_WARN_STRICT_PROTOTYPES = YES;
				CLANG_WARN_SUSPICIOUS_MOVE = YES;
				CLANG_WARN_UNGUARDED_AVAILABILITY = YES_AGGRESSIVE;
				CLANG_WARN_UNREACHABLE_CODE = YES;
				CLANG_WARN__DUPLICATE_METHOD_MATCH = YES;
				COPY_PHASE_STRIP = NO;
				DEBUG_INFORMATION_FORMAT = "dwarf-with-dsym";
				ENABLE_NS_ASSERTIONS = NO;
				ENABLE_STRICT_OBJC_MSGSEND = YES;
				GCC_C_LANGUAGE_STANDARD = gnu11;
				GCC_NO_COMMON_BLOCKS = YES;
				GCC_WARN_64_TO_32_BIT_CONVERSION = YES;
				GCC_WARN_ABOUT_RETURN_TYPE = YES_ERROR;
				GCC_WARN_UNDECLARED_SELECTOR = YES;
				GCC_WARN_UNINITIALIZED_AUTOS = YES_AGGRESSIVE;
				GCC_WARN_UNUSED_FUNCTION = YES;
				GCC_WARN_UNUSED_VARIABLE = YES;
				IPHONEOS_DEPLOYMENT_TARGET = 16.4;
				MTL_ENABLE_DEBUG_INFO = NO;
				MTL_FAST_MATH = YES;
				SDKROOT = iphoneos;
				SWIFT_COMPILATION_MODE = wholemodule;
				SWIFT_OPTIMIZATION_LEVEL = "-O";
				VALIDATE_PRODUCT = YES;
			};
			name = Release;
		};
		9A04B7852AD53E9500E433EE /* Debug */ = {
			isa = XCBuildConfiguration;
			buildSettings = {
				ASSETCATALOG_COMPILER_APPICON_NAME = AppIcon;
				ASSETCATALOG_COMPILER_GLOBAL_ACCENT_COLOR_NAME = AccentColor;
				CODE_SIGN_STYLE = Automatic;
				CURRENT_PROJECT_VERSION = 1;
				DEVELOPMENT_ASSET_PATHS = "\"Memorize Demo/Preview Content\"";
				DEVELOPMENT_TEAM = W6VKZ982XH;
				ENABLE_PREVIEWS = YES;
				GENERATE_INFOPLIST_FILE = YES;
				INFOPLIST_KEY_UIApplicationSceneManifest_Generation = YES;
				INFOPLIST_KEY_UIApplicationSupportsIndirectInputEvents = YES;
				INFOPLIST_KEY_UILaunchScreen_Generation = YES;
				INFOPLIST_KEY_UISupportedInterfaceOrientations_iPad = "UIInterfaceOrientationPortrait UIInterfaceOrientationPortraitUpsideDown UIInterfaceOrientationLandscapeLeft UIInterfaceOrientationLandscapeRight";
				INFOPLIST_KEY_UISupportedInterfaceOrientations_iPhone = "UIInterfaceOrientationPortrait UIInterfaceOrientationLandscapeLeft UIInterfaceOrientationLandscapeRight";
				LD_RUNPATH_SEARCH_PATHS = (
					"$(inherited)",
					"@executable_path/Frameworks",
				);
				MARKETING_VERSION = 1.0;
				PRODUCT_BUNDLE_IDENTIFIER = "th.ac.dome.warunporn.int.Memorize-Demo";
				PRODUCT_NAME = "$(TARGET_NAME)";
				SWIFT_EMIT_LOC_STRINGS = YES;
				SWIFT_VERSION = 5.0;
				TARGETED_DEVICE_FAMILY = "1,2";
			};
			name = Debug;
		};
		9A04B7862AD53E9500E433EE /* Release */ = {
			isa = XCBuildConfiguration;
			buildSettings = {
				ASSETCATALOG_COMPILER_APPICON_NAME = AppIcon;
				ASSETCATALOG_COMPILER_GLOBAL_ACCENT_COLOR_NAME = AccentColor;
				CODE_SIGN_STYLE = Automatic;
				CURRENT_PROJECT_VERSION = 1;
				DEVELOPMENT_ASSET_PATHS = "\"Memorize Demo/Preview Content\"";
				DEVELOPMENT_TEAM = W6VKZ982XH;
				ENABLE_PREVIEWS = YES;
				GENERATE_INFOPLIST_FILE = YES;
				INFOPLIST_KEY_UIApplicationSceneManifest_Generation = YES;
				INFOPLIST_KEY_UIApplicationSupportsIndirectInputEvents = YES;
				INFOPLIST_KEY_UILaunchScreen_Generation = YES;
				INFOPLIST_KEY_UISupportedInterfaceOrientations_iPad = "UIInterfaceOrientationPortrait UIInterfaceOrientationPortraitUpsideDown UIInterfaceOrientationLandscapeLeft UIInterfaceOrientationLandscapeRight";
				INFOPLIST_KEY_UISupportedInterfaceOrientations_iPhone = "UIInterfaceOrientationPortrait UIInterfaceOrientationLandscapeLeft UIInterfaceOrientationLandscapeRight";
				LD_RUNPATH_SEARCH_PATHS = (
					"$(inherited)",
					"@executable_path/Frameworks",
				);
				MARKETING_VERSION = 1.0;
				PRODUCT_BUNDLE_IDENTIFIER = "th.ac.dome.warunporn.int.Memorize-Demo";
				PRODUCT_NAME = "$(TARGET_NAME)";
				SWIFT_EMIT_LOC_STRINGS = YES;
				SWIFT_VERSION = 5.0;
				TARGETED_DEVICE_FAMILY = "1,2";
			};
			name = Release;
		};
		9A04B7882AD53E9500E433EE /* Debug */ = {
			isa = XCBuildConfiguration;
			buildSettings = {
				ALWAYS_EMBED_SWIFT_STANDARD_LIBRARIES = YES;
				BUNDLE_LOADER = "$(TEST_HOST)";
				CODE_SIGN_STYLE = Automatic;
				CURRENT_PROJECT_VERSION = 1;
				DEVELOPMENT_TEAM = W6VKZ982XH;
				GENERATE_INFOPLIST_FILE = YES;
				IPHONEOS_DEPLOYMENT_TARGET = 16.4;
				MARKETING_VERSION = 1.0;
				PRODUCT_BUNDLE_IDENTIFIER = "th.ac.dome.warunporn.int.Memorize-DemoTests";
				PRODUCT_NAME = "$(TARGET_NAME)";
				SWIFT_EMIT_LOC_STRINGS = NO;
				SWIFT_VERSION = 5.0;
				TARGETED_DEVICE_FAMILY = "1,2";
				TEST_HOST = "$(BUILT_PRODUCTS_DIR)/Memorize Demo.app/$(BUNDLE_EXECUTABLE_FOLDER_PATH)/Memorize Demo";
			};
			name = Debug;
		};
		9A04B7892AD53E9500E433EE /* Release */ = {
			isa = XCBuildConfiguration;
			buildSettings = {
				ALWAYS_EMBED_SWIFT_STANDARD_LIBRARIES = YES;
				BUNDLE_LOADER = "$(TEST_HOST)";
				CODE_SIGN_STYLE = Automatic;
				CURRENT_PROJECT_VERSION = 1;
				DEVELOPMENT_TEAM = W6VKZ982XH;
				GENERATE_INFOPLIST_FILE = YES;
				IPHONEOS_DEPLOYMENT_TARGET = 16.4;
				MARKETING_VERSION = 1.0;
				PRODUCT_BUNDLE_IDENTIFIER = "th.ac.dome.warunporn.int.Memorize-DemoTests";
				PRODUCT_NAME = "$(TARGET_NAME)";
				SWIFT_EMIT_LOC_STRINGS = NO;
				SWIFT_VERSION = 5.0;
				TARGETED_DEVICE_FAMILY = "1,2";
				TEST_HOST = "$(BUILT_PRODUCTS_DIR)/Memorize Demo.app/$(BUNDLE_EXECUTABLE_FOLDER_PATH)/Memorize Demo";
			};
			name = Release;
		};
		9A04B78B2AD53E9500E433EE /* Debug */ = {
			isa = XCBuildConfiguration;
			buildSettings = {
				ALWAYS_EMBED_SWIFT_STANDARD_LIBRARIES = YES;
				CODE_SIGN_STYLE = Automatic;
				CURRENT_PROJECT_VERSION = 1;
				DEVELOPMENT_TEAM = W6VKZ982XH;
				GENERATE_INFOPLIST_FILE = YES;
				MARKETING_VERSION = 1.0;
				PRODUCT_BUNDLE_IDENTIFIER = "th.ac.dome.warunporn.int.Memorize-DemoUITests";
				PRODUCT_NAME = "$(TARGET_NAME)";
				SWIFT_EMIT_LOC_STRINGS = NO;
				SWIFT_VERSION = 5.0;
				TARGETED_DEVICE_FAMILY = "1,2";
				TEST_TARGET_NAME = "Memorize Demo";
			};
			name = Debug;
		};
		9A04B78C2AD53E9500E433EE /* Release */ = {
			isa = XCBuildConfiguration;
			buildSettings = {
				ALWAYS_EMBED_SWIFT_STANDARD_LIBRARIES = YES;
				CODE_SIGN_STYLE = Automatic;
				CURRENT_PROJECT_VERSION = 1;
				DEVELOPMENT_TEAM = W6VKZ982XH;
				GENERATE_INFOPLIST_FILE = YES;
				MARKETING_VERSION = 1.0;
				PRODUCT_BUNDLE_IDENTIFIER = "th.ac.dome.warunporn.int.Memorize-DemoUITests";
				PRODUCT_NAME = "$(TARGET_NAME)";
				SWIFT_EMIT_LOC_STRINGS = NO;
				SWIFT_VERSION = 5.0;
				TARGETED_DEVICE_FAMILY = "1,2";
				TEST_TARGET_NAME = "Memorize Demo";
			};
			name = Release;
		};
/* End XCBuildConfiguration section */

/* Begin XCConfigurationList section */
		9A04B75B2AD53E9300E433EE /* Build configuration list for PBXProject "Memorize Demo" */ = {
			isa = XCConfigurationList;
			buildConfigurations = (
				9A04B7822AD53E9500E433EE /* Debug */,
				9A04B7832AD53E9500E433EE /* Release */,
			);
			defaultConfigurationIsVisible = 0;
			defaultConfigurationName = Release;
		};
		9A04B7842AD53E9500E433EE /* Build configuration list for PBXNativeTarget "Memorize Demo" */ = {
			isa = XCConfigurationList;
			buildConfigurations = (
				9A04B7852AD53E9500E433EE /* Debug */,
				9A04B7862AD53E9500E433EE /* Release */,
			);
			defaultConfigurationIsVisible = 0;
			defaultConfigurationName = Release;
		};
		9A04B7872AD53E9500E433EE /* Build configuration list for PBXNativeTarget "Memorize DemoTests" */ = {
			isa = XCConfigurationList;
			buildConfigurations = (
				9A04B7882AD53E9500E433EE /* Debug */,
				9A04B7892AD53E9500E433EE /* Release */,
			);
			defaultConfigurationIsVisible = 0;
			defaultConfigurationName = Release;
		};
		9A04B78A2AD53E9500E433EE /* Build configuration list for PBXNativeTarget "Memorize DemoUITests" */ = {
			isa = XCConfigurationList;
			buildConfigurations = (
				9A04B78B2AD53E9500E433EE /* Debug */,
				9A04B78C2AD53E9500E433EE /* Release */,
			);
			defaultConfigurationIsVisible = 0;
			defaultConfigurationName = Release;
		};
/* End XCConfigurationList section */
	};
	rootObject = 9A04B7582AD53E9300E433EE /* Project object */;
}
